// !$*UTF8*$!
{
	archiveVersion = 1;
	classes = {
	};
	objectVersion = 56;
	objects = {

/* Begin PBXBuildFile section */
		1B709811295A36EA00BE57AA /* AddSubjectView.swift in Sources */ = {isa = PBXBuildFile; fileRef = 1B709810295A36EA00BE57AA /* AddSubjectView.swift */; };
		1B709813295A372000BE57AA /* SubjectAreaEnum.swift in Sources */ = {isa = PBXBuildFile; fileRef = 1B709812295A372000BE57AA /* SubjectAreaEnum.swift */; };
		1B709817295A374A00BE57AA /* QueueStatusEnum.swift in Sources */ = {isa = PBXBuildFile; fileRef = 1B709816295A374A00BE57AA /* QueueStatusEnum.swift */; };
		1B709819295A376500BE57AA /* ListRowView.swift in Sources */ = {isa = PBXBuildFile; fileRef = 1B709818295A376500BE57AA /* ListRowView.swift */; };
		1B70981B295A37D600BE57AA /* ParticipantsListView.swift in Sources */ = {isa = PBXBuildFile; fileRef = 1B70981A295A37D600BE57AA /* ParticipantsListView.swift */; };
		1BBE068829411C2100EAB5E6 /* inLineApp.swift in Sources */ = {isa = PBXBuildFile; fileRef = 1BBE068729411C2100EAB5E6 /* inLineApp.swift */; };
		1BBE068A29411C2100EAB5E6 /* ContentView.swift in Sources */ = {isa = PBXBuildFile; fileRef = 1BBE068929411C2100EAB5E6 /* ContentView.swift */; };
		1BBE068C29411C2300EAB5E6 /* Assets.xcassets in Resources */ = {isa = PBXBuildFile; fileRef = 1BBE068B29411C2300EAB5E6 /* Assets.xcassets */; };
		1BBE069029411C2300EAB5E6 /* Preview Assets.xcassets in Resources */ = {isa = PBXBuildFile; fileRef = 1BBE068F29411C2300EAB5E6 /* Preview Assets.xcassets */; };
		1BBE069F2942694000EAB5E6 /* Collections in Frameworks */ = {isa = PBXBuildFile; productRef = 1BBE069E2942694000EAB5E6 /* Collections */; };
		1BBE06A12942694000EAB5E6 /* DequeModule in Frameworks */ = {isa = PBXBuildFile; productRef = 1BBE06A02942694000EAB5E6 /* DequeModule */; };
		1BBE06A32942694000EAB5E6 /* OrderedCollections in Frameworks */ = {isa = PBXBuildFile; productRef = 1BBE06A22942694000EAB5E6 /* OrderedCollections */; };
/* End PBXBuildFile section */

/* Begin PBXFileReference section */
		1B709810295A36EA00BE57AA /* AddSubjectView.swift */ = {isa = PBXFileReference; lastKnownFileType = sourcecode.swift; path = AddSubjectView.swift; sourceTree = "<group>"; };
		1B709812295A372000BE57AA /* SubjectAreaEnum.swift */ = {isa = PBXFileReference; lastKnownFileType = sourcecode.swift; path = SubjectAreaEnum.swift; sourceTree = "<group>"; };
		1B709816295A374A00BE57AA /* QueueStatusEnum.swift */ = {isa = PBXFileReference; lastKnownFileType = sourcecode.swift; path = QueueStatusEnum.swift; sourceTree = "<group>"; };
		1B709818295A376500BE57AA /* ListRowView.swift */ = {isa = PBXFileReference; lastKnownFileType = sourcecode.swift; path = ListRowView.swift; sourceTree = "<group>"; };
		1B70981A295A37D600BE57AA /* ParticipantsListView.swift */ = {isa = PBXFileReference; lastKnownFileType = sourcecode.swift; path = ParticipantsListView.swift; sourceTree = "<group>"; };
		1BBE068429411C2100EAB5E6 /* inLine.app */ = {isa = PBXFileReference; explicitFileType = wrapper.application; includeInIndex = 0; path = inLine.app; sourceTree = BUILT_PRODUCTS_DIR; };
		1BBE068729411C2100EAB5E6 /* inLineApp.swift */ = {isa = PBXFileReference; lastKnownFileType = sourcecode.swift; path = inLineApp.swift; sourceTree = "<group>"; };
		1BBE068929411C2100EAB5E6 /* ContentView.swift */ = {isa = PBXFileReference; lastKnownFileType = sourcecode.swift; path = ContentView.swift; sourceTree = "<group>"; };
		1BBE068B29411C2300EAB5E6 /* Assets.xcassets */ = {isa = PBXFileReference; lastKnownFileType = folder.assetcatalog; path = Assets.xcassets; sourceTree = "<group>"; };
		1BBE068D29411C2300EAB5E6 /* inLine.entitlements */ = {isa = PBXFileReference; lastKnownFileType = text.plist.entitlements; path = inLine.entitlements; sourceTree = "<group>"; };
		1BBE068F29411C2300EAB5E6 /* Preview Assets.xcassets */ = {isa = PBXFileReference; lastKnownFileType = folder.assetcatalog; path = "Preview Assets.xcassets"; sourceTree = "<group>"; };
/* End PBXFileReference section */

/* Begin PBXFrameworksBuildPhase section */
		1BBE068129411C2100EAB5E6 /* Frameworks */ = {
			isa = PBXFrameworksBuildPhase;
			buildActionMask = 2147483647;
			files = (
				1BBE069F2942694000EAB5E6 /* Collections in Frameworks */,
				1BBE06A12942694000EAB5E6 /* DequeModule in Frameworks */,
				1BBE06A32942694000EAB5E6 /* OrderedCollections in Frameworks */,
			);
			runOnlyForDeploymentPostprocessing = 0;
		};
/* End PBXFrameworksBuildPhase section */

/* Begin PBXGroup section */
		1B709814295A372800BE57AA /* Views */ = {
			isa = PBXGroup;
			children = (
				1BBE068929411C2100EAB5E6 /* ContentView.swift */,
				1B709810295A36EA00BE57AA /* AddSubjectView.swift */,
				1B709818295A376500BE57AA /* ListRowView.swift */,
				1B70981A295A37D600BE57AA /* ParticipantsListView.swift */,
			);
			path = Views;
			sourceTree = "<group>";
		};
		1B709815295A373100BE57AA /* Enums */ = {
			isa = PBXGroup;
			children = (
				1B709812295A372000BE57AA /* SubjectAreaEnum.swift */,
				1B709816295A374A00BE57AA /* QueueStatusEnum.swift */,
			);
			path = Enums;
			sourceTree = "<group>";
		};
		1BBE067B29411C2100EAB5E6 = {
			isa = PBXGroup;
			children = (
				1BBE068629411C2100EAB5E6 /* inLine */,
				1BBE068529411C2100EAB5E6 /* Products */,
			);
			sourceTree = "<group>";
		};
		1BBE068529411C2100EAB5E6 /* Products */ = {
			isa = PBXGroup;
			children = (
				1BBE068429411C2100EAB5E6 /* inLine.app */,
			);
			name = Products;
			sourceTree = "<group>";
		};
		1BBE068629411C2100EAB5E6 /* inLine */ = {
			isa = PBXGroup;
			children = (
				1B709815295A373100BE57AA /* Enums */,
				1B709814295A372800BE57AA /* Views */,
				1BBE068729411C2100EAB5E6 /* inLineApp.swift */,
				1BBE068B29411C2300EAB5E6 /* Assets.xcassets */,
				1BBE068D29411C2300EAB5E6 /* inLine.entitlements */,
				1BBE068E29411C2300EAB5E6 /* Preview Content */,
			);
			path = inLine;
			sourceTree = "<group>";
		};
		1BBE068E29411C2300EAB5E6 /* Preview Content */ = {
			isa = PBXGroup;
			children = (
				1BBE068F29411C2300EAB5E6 /* Preview Assets.xcassets */,
			);
			path = "Preview Content";
			sourceTree = "<group>";
		};
/* End PBXGroup section */

/* Begin PBXNativeTarget section */
		1BBE068329411C2100EAB5E6 /* inLine */ = {
			isa = PBXNativeTarget;
			buildConfigurationList = 1BBE069329411C2300EAB5E6 /* Build configuration list for PBXNativeTarget "inLine" */;
			buildPhases = (
				1BBE068029411C2100EAB5E6 /* Sources */,
				1BBE068129411C2100EAB5E6 /* Frameworks */,
				1BBE068229411C2100EAB5E6 /* Resources */,
			);
			buildRules = (
			);
			dependencies = (
			);
			name = inLine;
			packageProductDependencies = (
				1BBE069E2942694000EAB5E6 /* Collections */,
				1BBE06A02942694000EAB5E6 /* DequeModule */,
				1BBE06A22942694000EAB5E6 /* OrderedCollections */,
			);
			productName = inLine;
			productReference = 1BBE068429411C2100EAB5E6 /* inLine.app */;
			productType = "com.apple.product-type.application";
		};
/* End PBXNativeTarget section */

/* Begin PBXProject section */
		1BBE067C29411C2100EAB5E6 /* Project object */ = {
			isa = PBXProject;
			attributes = {
				BuildIndependentTargetsInParallel = 1;
				LastSwiftUpdateCheck = 1410;
				LastUpgradeCheck = 1410;
				TargetAttributes = {
					1BBE068329411C2100EAB5E6 = {
						CreatedOnToolsVersion = 14.1;
					};
				};
			};
			buildConfigurationList = 1BBE067F29411C2100EAB5E6 /* Build configuration list for PBXProject "inLine" */;
			compatibilityVersion = "Xcode 14.0";
			developmentRegion = en;
			hasScannedForEncodings = 0;
			knownRegions = (
				en,
				Base,
			);
			mainGroup = 1BBE067B29411C2100EAB5E6;
			packageReferences = (
				1BBE069D2942694000EAB5E6 /* XCRemoteSwiftPackageReference "swift-collections" */,
			);
			productRefGroup = 1BBE068529411C2100EAB5E6 /* Products */;
			projectDirPath = "";
			projectRoot = "";
			targets = (
				1BBE068329411C2100EAB5E6 /* inLine */,
			);
		};
/* End PBXProject section */

/* Begin PBXResourcesBuildPhase section */
		1BBE068229411C2100EAB5E6 /* Resources */ = {
			isa = PBXResourcesBuildPhase;
			buildActionMask = 2147483647;
			files = (
				1BBE069029411C2300EAB5E6 /* Preview Assets.xcassets in Resources */,
				1BBE068C29411C2300EAB5E6 /* Assets.xcassets in Resources */,
			);
			runOnlyForDeploymentPostprocessing = 0;
		};
/* End PBXResourcesBuildPhase section */

/* Begin PBXSourcesBuildPhase section */
		1BBE068029411C2100EAB5E6 /* Sources */ = {
			isa = PBXSourcesBuildPhase;
			buildActionMask = 2147483647;
			files = (
				1B709817295A374A00BE57AA /* QueueStatusEnum.swift in Sources */,
				1B709811295A36EA00BE57AA /* AddSubjectView.swift in Sources */,
				1B70981B295A37D600BE57AA /* ParticipantsListView.swift in Sources */,
				1BBE068A29411C2100EAB5E6 /* ContentView.swift in Sources */,
				1B709813295A372000BE57AA /* SubjectAreaEnum.swift in Sources */,
				1BBE068829411C2100EAB5E6 /* inLineApp.swift in Sources */,
				1B709819295A376500BE57AA /* ListRowView.swift in Sources */,
			);
			runOnlyForDeploymentPostprocessing = 0;
		};
/* End PBXSourcesBuildPhase section */

/* Begin XCBuildConfiguration section */
		1BBE069129411C2300EAB5E6 /* Debug */ = {
			isa = XCBuildConfiguration;
			buildSettings = {
				ALWAYS_SEARCH_USER_PATHS = NO;
				CLANG_ANALYZER_NONNULL = YES;
				CLANG_ANALYZER_NUMBER_OBJECT_CONVERSION = YES_AGGRESSIVE;
				CLANG_CXX_LANGUAGE_STANDARD = "gnu++20";
				CLANG_ENABLE_MODULES = YES;
				CLANG_ENABLE_OBJC_ARC = YES;
				CLANG_ENABLE_OBJC_WEAK = YES;
				CLANG_WARN_BLOCK_CAPTURE_AUTORELEASING = YES;
				CLANG_WARN_BOOL_CONVERSION = YES;
				CLANG_WARN_COMMA = YES;
				CLANG_WARN_CONSTANT_CONVERSION = YES;
				CLANG_WARN_DEPRECATED_OBJC_IMPLEMENTATIONS = YES;
				CLANG_WARN_DIRECT_OBJC_ISA_USAGE = YES_ERROR;
				CLANG_WARN_DOCUMENTATION_COMMENTS = YES;
				CLANG_WARN_EMPTY_BODY = YES;
				CLANG_WARN_ENUM_CONVERSION = YES;
				CLANG_WARN_INFINITE_RECURSION = YES;
				CLANG_WARN_INT_CONVERSION = YES;
				CLANG_WARN_NON_LITERAL_NULL_CONVERSION = YES;
				CLANG_WARN_OBJC_IMPLICIT_RETAIN_SELF = YES;
				CLANG_WARN_OBJC_LITERAL_CONVERSION = YES;
				CLANG_WARN_OBJC_ROOT_CLASS = YES_ERROR;
				CLANG_WARN_QUOTED_INCLUDE_IN_FRAMEWORK_HEADER = YES;
				CLANG_WARN_RANGE_LOOP_ANALYSIS = YES;
				CLANG_WARN_STRICT_PROTOTYPES = YES;
				CLANG_WARN_SUSPICIOUS_MOVE = YES;
				CLANG_WARN_UNGUARDED_AVAILABILITY = YES_AGGRESSIVE;
				CLANG_WARN_UNREACHABLE_CODE = YES;
				CLANG_WARN__DUPLICATE_METHOD_MATCH = YES;
				COPY_PHASE_STRIP = NO;
				DEBUG_INFORMATION_FORMAT = dwarf;
				ENABLE_STRICT_OBJC_MSGSEND = YES;
				ENABLE_TESTABILITY = YES;
				GCC_C_LANGUAGE_STANDARD = gnu11;
				GCC_DYNAMIC_NO_PIC = NO;
				GCC_NO_COMMON_BLOCKS = YES;
				GCC_OPTIMIZATION_LEVEL = 0;
				GCC_PREPROCESSOR_DEFINITIONS = (
					"DEBUG=1",
					"$(inherited)",
				);
				GCC_WARN_64_TO_32_BIT_CONVERSION = YES;
				GCC_WARN_ABOUT_RETURN_TYPE = YES_ERROR;
				GCC_WARN_UNDECLARED_SELECTOR = YES;
				GCC_WARN_UNINITIALIZED_AUTOS = YES_AGGRESSIVE;
				GCC_WARN_UNUSED_FUNCTION = YES;
				GCC_WARN_UNUSED_VARIABLE = YES;
				MTL_ENABLE_DEBUG_INFO = INCLUDE_SOURCE;
				MTL_FAST_MATH = YES;
				ONLY_ACTIVE_ARCH = YES;
				SWIFT_ACTIVE_COMPILATION_CONDITIONS = DEBUG;
				SWIFT_OPTIMIZATION_LEVEL = "-Onone";
			};
			name = Debug;
		};
		1BBE069229411C2300EAB5E6 /* Release */ = {
			isa = XCBuildConfiguration;
			buildSettings = {
				ALWAYS_SEARCH_USER_PATHS = NO;
				CLANG_ANALYZER_NONNULL = YES;
				CLANG_ANALYZER_NUMBER_OBJECT_CONVERSION = YES_AGGRESSIVE;
				CLANG_CXX_LANGUAGE_STANDARD = "gnu++20";
				CLANG_ENABLE_MODULES = YES;
				CLANG_ENABLE_OBJC_ARC = YES;
				CLANG_ENABLE_OBJC_WEAK = YES;
				CLANG_WARN_BLOCK_CAPTURE_AUTORELEASING = YES;
				CLANG_WARN_BOOL_CONVERSION = YES;
				CLANG_WARN_COMMA = YES;
				CLANG_WARN_CONSTANT_CONVERSION = YES;
				CLANG_WARN_DEPRECATED_OBJC_IMPLEMENTATIONS = YES;
				CLANG_WARN_DIRECT_OBJC_ISA_USAGE = YES_ERROR;
				CLANG_WARN_DOCUMENTATION_COMMENTS = YES;
				CLANG_WARN_EMPTY_BODY = YES;
				CLANG_WARN_ENUM_CONVERSION = YES;
				CLANG_WARN_INFINITE_RECURSION = YES;
				CLANG_WARN_INT_CONVERSION = YES;
				CLANG_WARN_NON_LITERAL_NULL_CONVERSION = YES;
				CLANG_WARN_OBJC_IMPLICIT_RETAIN_SELF = YES;
				CLANG_WARN_OBJC_LITERAL_CONVERSION = YES;
				CLANG_WARN_OBJC_ROOT_CLASS = YES_ERROR;
				CLANG_WARN_QUOTED_INCLUDE_IN_FRAMEWORK_HEADER = YES;
				CLANG_WARN_RANGE_LOOP_ANALYSIS = YES;
				CLANG_WARN_STRICT_PROTOTYPES = YES;
				CLANG_WARN_SUSPICIOUS_MOVE = YES;
				CLANG_WARN_UNGUARDED_AVAILABILITY = YES_AGGRESSIVE;
				CLANG_WARN_UNREACHABLE_CODE = YES;
				CLANG_WARN__DUPLICATE_METHOD_MATCH = YES;
				COPY_PHASE_STRIP = NO;
				DEBUG_INFORMATION_FORMAT = "dwarf-with-dsym";
				ENABLE_NS_ASSERTIONS = NO;
				ENABLE_STRICT_OBJC_MSGSEND = YES;
				GCC_C_LANGUAGE_STANDARD = gnu11;
				GCC_NO_COMMON_BLOCKS = YES;
				GCC_WARN_64_TO_32_BIT_CONVERSION = YES;
				GCC_WARN_ABOUT_RETURN_TYPE = YES_ERROR;
				GCC_WARN_UNDECLARED_SELECTOR = YES;
				GCC_WARN_UNINITIALIZED_AUTOS = YES_AGGRESSIVE;
				GCC_WARN_UNUSED_FUNCTION = YES;
				GCC_WARN_UNUSED_VARIABLE = YES;
				MTL_ENABLE_DEBUG_INFO = NO;
				MTL_FAST_MATH = YES;
				SWIFT_COMPILATION_MODE = wholemodule;
				SWIFT_OPTIMIZATION_LEVEL = "-O";
			};
			name = Release;
		};
		1BBE069429411C2300EAB5E6 /* Debug */ = {
			isa = XCBuildConfiguration;
			buildSettings = {
				ASSETCATALOG_COMPILER_APPICON_NAME = AppIcon;
				ASSETCATALOG_COMPILER_GLOBAL_ACCENT_COLOR_NAME = AccentColor;
				CODE_SIGN_ENTITLEMENTS = inLine/inLine.entitlements;
				CODE_SIGN_STYLE = Automatic;
				CURRENT_PROJECT_VERSION = 1;
				DEVELOPMENT_ASSET_PATHS = "\"inLine/Preview Content\"";
				DEVELOPMENT_TEAM = GYMDP69744;
				ENABLE_HARDENED_RUNTIME = YES;
				ENABLE_PREVIEWS = YES;
				GENERATE_INFOPLIST_FILE = YES;
				"INFOPLIST_KEY_UIApplicationSceneManifest_Generation[sdk=iphoneos*]" = YES;
				"INFOPLIST_KEY_UIApplicationSceneManifest_Generation[sdk=iphonesimulator*]" = YES;
				"INFOPLIST_KEY_UIApplicationSupportsIndirectInputEvents[sdk=iphoneos*]" = YES;
				"INFOPLIST_KEY_UIApplicationSupportsIndirectInputEvents[sdk=iphonesimulator*]" = YES;
				"INFOPLIST_KEY_UILaunchScreen_Generation[sdk=iphoneos*]" = YES;
				"INFOPLIST_KEY_UILaunchScreen_Generation[sdk=iphonesimulator*]" = YES;
				"INFOPLIST_KEY_UIStatusBarStyle[sdk=iphoneos*]" = UIStatusBarStyleDefault;
				"INFOPLIST_KEY_UIStatusBarStyle[sdk=iphonesimulator*]" = UIStatusBarStyleDefault;
				INFOPLIST_KEY_UISupportedInterfaceOrientations_iPad = "UIInterfaceOrientationPortrait UIInterfaceOrientationPortraitUpsideDown UIInterfaceOrientationLandscapeLeft UIInterfaceOrientationLandscapeRight";
				INFOPLIST_KEY_UISupportedInterfaceOrientations_iPhone = "UIInterfaceOrientationPortrait UIInterfaceOrientationLandscapeLeft UIInterfaceOrientationLandscapeRight";
				IPHONEOS_DEPLOYMENT_TARGET = 16.1;
				LD_RUNPATH_SEARCH_PATHS = "@executable_path/Frameworks";
				"LD_RUNPATH_SEARCH_PATHS[sdk=macosx*]" = "@executable_path/../Frameworks";
				MACOSX_DEPLOYMENT_TARGET = 13.0;
				MARKETING_VERSION = 1.0;
				PRODUCT_BUNDLE_IDENTIFIER = com.pazzi.marina.inLine;
				PRODUCT_NAME = "$(TARGET_NAME)";
				SDKROOT = auto;
				SUPPORTED_PLATFORMS = "iphoneos iphonesimulator macosx";
				SWIFT_EMIT_LOC_STRINGS = YES;
				SWIFT_VERSION = 5.0;
				TARGETED_DEVICE_FAMILY = "1,2";
			};
			name = Debug;
		};
		1BBE069529411C2300EAB5E6 /* Release */ = {
			isa = XCBuildConfiguration;
			buildSettings = {
				ASSETCATALOG_COMPILER_APPICON_NAME = AppIcon;
				ASSETCATALOG_COMPILER_GLOBAL_ACCENT_COLOR_NAME = AccentColor;
				CODE_SIGN_ENTITLEMENTS = inLine/inLine.entitlements;
				CODE_SIGN_STYLE = Automatic;
				CURRENT_PROJECT_VERSION = 1;
				DEVELOPMENT_ASSET_PATHS = "\"inLine/Preview Content\"";
				DEVELOPMENT_TEAM = GYMDP69744;
				ENABLE_HARDENED_RUNTIME = YES;
				ENABLE_PREVIEWS = YES;
				GENERATE_INFOPLIST_FILE = YES;
				"INFOPLIST_KEY_UIApplicationSceneManifest_Generation[sdk=iphoneos*]" = YES;
				"INFOPLIST_KEY_UIApplicationSceneManifest_Generation[sdk=iphonesimulator*]" = YES;
				"INFOPLIST_KEY_UIApplicationSupportsIndirectInputEvents[sdk=iphoneos*]" = YES;
				"INFOPLIST_KEY_UIApplicationSupportsIndirectInputEvents[sdk=iphonesimulator*]" = YES;
				"INFOPLIST_KEY_UILaunchScreen_Generation[sdk=iphoneos*]" = YES;
				"INFOPLIST_KEY_UILaunchScreen_Generation[sdk=iphonesimulator*]" = YES;
				"INFOPLIST_KEY_UIStatusBarStyle[sdk=iphoneos*]" = UIStatusBarStyleDefault;
				"INFOPLIST_KEY_UIStatusBarStyle[sdk=iphonesimulator*]" = UIStatusBarStyleDefault;
				INFOPLIST_KEY_UISupportedInterfaceOrientations_iPad = "UIInterfaceOrientationPortrait UIInterfaceOrientationPortraitUpsideDown UIInterfaceOrientationLandscapeLeft UIInterfaceOrientationLandscapeRight";
				INFOPLIST_KEY_UISupportedInterfaceOrientations_iPhone = "UIInterfaceOrientationPortrait UIInterfaceOrientationLandscapeLeft UIInterfaceOrientationLandscapeRight";
				IPHONEOS_DEPLOYMENT_TARGET = 16.1;
				LD_RUNPATH_SEARCH_PATHS = "@executable_path/Frameworks";
				"LD_RUNPATH_SEARCH_PATHS[sdk=macosx*]" = "@executable_path/../Frameworks";
				MACOSX_DEPLOYMENT_TARGET = 13.0;
				MARKETING_VERSION = 1.0;
				PRODUCT_BUNDLE_IDENTIFIER = com.pazzi.marina.inLine;
				PRODUCT_NAME = "$(TARGET_NAME)";
				SDKROOT = auto;
				SUPPORTED_PLATFORMS = "iphoneos iphonesimulator macosx";
				SWIFT_EMIT_LOC_STRINGS = YES;
				SWIFT_VERSION = 5.0;
				TARGETED_DEVICE_FAMILY = "1,2";
			};
			name = Release;
		};
/* End XCBuildConfiguration section */

/* Begin XCConfigurationList section */
		1BBE067F29411C2100EAB5E6 /* Build configuration list for PBXProject "inLine" */ = {
			isa = XCConfigurationList;
			buildConfigurations = (
				1BBE069129411C2300EAB5E6 /* Debug */,
				1BBE069229411C2300EAB5E6 /* Release */,
			);
			defaultConfigurationIsVisible = 0;
			defaultConfigurationName = Release;
		};
		1BBE069329411C2300EAB5E6 /* Build configuration list for PBXNativeTarget "inLine" */ = {
			isa = XCConfigurationList;
			buildConfigurations = (
				1BBE069429411C2300EAB5E6 /* Debug */,
				1BBE069529411C2300EAB5E6 /* Release */,
			);
			defaultConfigurationIsVisible = 0;
			defaultConfigurationName = Release;
		};
/* End XCConfigurationList section */

/* Begin XCRemoteSwiftPackageReference section */
		1BBE069D2942694000EAB5E6 /* XCRemoteSwiftPackageReference "swift-collections" */ = {
			isa = XCRemoteSwiftPackageReference;
			repositoryURL = "https://github.com/apple/swift-collections.git";
			requirement = {
				kind = upToNextMajorVersion;
				minimumVersion = 1.0.0;
			};
		};
/* End XCRemoteSwiftPackageReference section */

/* Begin XCSwiftPackageProductDependency section */
		1BBE069E2942694000EAB5E6 /* Collections */ = {
			isa = XCSwiftPackageProductDependency;
			package = 1BBE069D2942694000EAB5E6 /* XCRemoteSwiftPackageReference "swift-collections" */;
			productName = Collections;
		};
		1BBE06A02942694000EAB5E6 /* DequeModule */ = {
			isa = XCSwiftPackageProductDependency;
			package = 1BBE069D2942694000EAB5E6 /* XCRemoteSwiftPackageReference "swift-collections" */;
			productName = DequeModule;
		};
		1BBE06A22942694000EAB5E6 /* OrderedCollections */ = {
			isa = XCSwiftPackageProductDependency;
			package = 1BBE069D2942694000EAB5E6 /* XCRemoteSwiftPackageReference "swift-collections" */;
			productName = OrderedCollections;
		};
/* End XCSwiftPackageProductDependency section */
	};
	rootObject = 1BBE067C29411C2100EAB5E6 /* Project object */;
}
